
Microsoft Visual Studio Solution File, Format Version 12.00
# Visual Studio Version 16
VisualStudioVersion = 16.0.30621.155
MinimumVisualStudioVersion = 10.0.40219.1
Project("{FAE04EC0-301F-11D3-BF4B-00C04F79EFBC}") = "CC01.Cons", "CC01\CC01.Cons.csproj", "{63CD90E0-D4EB-46B7-BCE9-7B64360CAE80}"
EndProject
Project("{FAE04EC0-301F-11D3-BF4B-00C04F79EFBC}") = "CC01.BO", "CC01.BO\CC01.BO.csproj", "{12C481B8-41D0-4F38-8E5B-B16D26BD8B7E}"
EndProject
Project("{FAE04EC0-301F-11D3-BF4B-00C04F79EFBC}") = "CC01.DAL", "CC01.DAL\CC01.DAL.csproj", "{36EE0739-54E9-4BC9-88D0-66A56D332819}"
EndProject
Global
	GlobalSection(SolutionConfigurationPlatforms) = preSolution
		Debug|Any CPU = Debug|Any CPU
		Release|Any CPU = Release|Any CPU
	EndGlobalSection
	GlobalSection(ProjectConfigurationPlatforms) = postSolution
		{63CD90E0-D4EB-46B7-BCE9-7B64360CAE80}.Debug|Any CPU.ActiveCfg = Debug|Any CPU
		{63CD90E0-D4EB-46B7-BCE9-7B64360CAE80}.Debug|Any CPU.Build.0 = Debug|Any CPU
		{63CD90E0-D4EB-46B7-BCE9-7B64360CAE80}.Release|Any CPU.ActiveCfg = Release|Any CPU
		{63CD90E0-D4EB-46B7-BCE9-7B64360CAE80}.Release|Any CPU.Build.0 = Release|Any CPU
		{12C481B8-41D0-4F38-8E5B-B16D26BD8B7E}.Debug|Any CPU.ActiveCfg = Debug|Any CPU
		{12C481B8-41D0-4F38-8E5B-B16D26BD8B7E}.Debug|Any CPU.Build.0 = Debug|Any CPU
		{12C481B8-41D0-4F38-8E5B-B16D26BD8B7E}.Release|Any CPU.ActiveCfg = Release|Any CPU
		{12C481B8-41D0-4F38-8E5B-B16D26BD8B7E}.Release|Any CPU.Build.0 = Release|Any CPU
		{36EE0739-54E9-4BC9-88D0-66A56D332819}.Debug|Any CPU.ActiveCfg = Debug|Any CPU
		{36EE0739-54E9-4BC9-88D0-66A56D332819}.Debug|Any CPU.Build.0 = Debug|Any CPU
		{36EE0739-54E9-4BC9-88D0-66A56D332819}.Release|Any CPU.ActiveCfg = Release|Any CPU
		{36EE0739-54E9-4BC9-88D0-66A56D332819}.Release|Any CPU.Build.0 = Release|Any CPU
	EndGlobalSection
	GlobalSection(SolutionProperties) = preSolution
		HideSolutionNode = FALSE
	EndGlobalSection
	GlobalSection(ExtensibilityGlobals) = postSolution
		SolutionGuid = {409031DF-FA8D-4F59-8154-D518C5727FF3}
	EndGlobalSection
EndGlobal
